
Microsoft Visual Studio Solution File, Format Version 12.00
# Visual Studio 15
VisualStudioVersion = 15.0.28010.2041
MinimumVisualStudioVersion = 10.0.40219.1
Project("{9A19103F-16F7-4668-BE54-9A1E7A4F7556}") = "CCAuction", "CCAuction\CCAuction.csproj", "{9BFCF624-5AE9-4F68-88D9-C7FF53C671FB}"
EndProject
Project("{FAE04EC0-301F-11D3-BF4B-00C04F79EFBC}") = "CCAuction.Domain", "CCAuction.Domain\CCAuction.Domain.csproj", "{384911A7-BAF5-4967-AFB0-BC80DF2C7DC5}"
EndProject
Project("{FAE04EC0-301F-11D3-BF4B-00C04F79EFBC}") = "CCAuction.Test", "CCAuction.Test\CCAuction.Test.csproj", "{9C89B592-D026-48DE-817B-010C6F50B305}"
EndProject
Global
	GlobalSection(SolutionConfigurationPlatforms) = preSolution
		Debug|Any CPU = Debug|Any CPU
		Release|Any CPU = Release|Any CPU
	EndGlobalSection
	GlobalSection(ProjectConfigurationPlatforms) = postSolution
		{9BFCF624-5AE9-4F68-88D9-C7FF53C671FB}.Debug|Any CPU.ActiveCfg = Debug|Any CPU
		{9BFCF624-5AE9-4F68-88D9-C7FF53C671FB}.Debug|Any CPU.Build.0 = Debug|Any CPU
		{9BFCF624-5AE9-4F68-88D9-C7FF53C671FB}.Release|Any CPU.ActiveCfg = Release|Any CPU
		{9BFCF624-5AE9-4F68-88D9-C7FF53C671FB}.Release|Any CPU.Build.0 = Release|Any CPU
		{384911A7-BAF5-4967-AFB0-BC80DF2C7DC5}.Debug|Any CPU.ActiveCfg = Debug|Any CPU
		{384911A7-BAF5-4967-AFB0-BC80DF2C7DC5}.Debug|Any CPU.Build.0 = Debug|Any CPU
		{384911A7-BAF5-4967-AFB0-BC80DF2C7DC5}.Release|Any CPU.ActiveCfg = Release|Any CPU
		{384911A7-BAF5-4967-AFB0-BC80DF2C7DC5}.Release|Any CPU.Build.0 = Release|Any CPU
		{9C89B592-D026-48DE-817B-010C6F50B305}.Debug|Any CPU.ActiveCfg = Debug|Any CPU
		{9C89B592-D026-48DE-817B-010C6F50B305}.Debug|Any CPU.Build.0 = Debug|Any CPU
		{9C89B592-D026-48DE-817B-010C6F50B305}.Release|Any CPU.ActiveCfg = Release|Any CPU
		{9C89B592-D026-48DE-817B-010C6F50B305}.Release|Any CPU.Build.0 = Release|Any CPU
	EndGlobalSection
	GlobalSection(SolutionProperties) = preSolution
		HideSolutionNode = FALSE
	EndGlobalSection
	GlobalSection(ExtensibilityGlobals) = postSolution
		SolutionGuid = {6316503B-93C4-4695-BFBD-ED7B95A31F3E}
	EndGlobalSection
EndGlobal
